// !$*UTF8*$!
{
	archiveVersion = 1;
	classes = {
	};
	objectVersion = 48;
	objects = {

/* Begin PBXBuildFile section */
		CDA58F4520A16EFE007C1360 /* AppDelegate.swift in Sources */ = {isa = PBXBuildFile; fileRef = CDA58F4420A16EFE007C1360 /* AppDelegate.swift */; };
		CDA58F4720A16EFE007C1360 /* ViewController.swift in Sources */ = {isa = PBXBuildFile; fileRef = CDA58F4620A16EFE007C1360 /* ViewController.swift */; };
		CDA58F4C20A16EFE007C1360 /* Assets.xcassets in Resources */ = {isa = PBXBuildFile; fileRef = CDA58F4B20A16EFE007C1360 /* Assets.xcassets */; };
		CDA58F4F20A16EFE007C1360 /* LaunchScreen.storyboard in Resources */ = {isa = PBXBuildFile; fileRef = CDA58F4D20A16EFE007C1360 /* LaunchScreen.storyboard */; };
		CDA58F5720A16F7F007C1360 /* Cat.jpg in Resources */ = {isa = PBXBuildFile; fileRef = CDA58F5620A16F7E007C1360 /* Cat.jpg */; };
		CDA58F5920A16F86007C1360 /* Lion.jpg in Resources */ = {isa = PBXBuildFile; fileRef = CDA58F5820A16F86007C1360 /* Lion.jpg */; };
		CDA58F5B20A17892007C1360 /* Main.storyboard in Resources */ = {isa = PBXBuildFile; fileRef = CDA58F5A20A17892007C1360 /* Main.storyboard */; };
/* End PBXBuildFile section */

/* Begin PBXFileReference section */
		CDA58F4120A16EFE007C1360 /* sectionTableView.app */ = {isa = PBXFileReference; explicitFileType = wrapper.application; includeInIndex = 0; path = sectionTableView.app; sourceTree = BUILT_PRODUCTS_DIR; };
		CDA58F4420A16EFE007C1360 /* AppDelegate.swift */ = {isa = PBXFileReference; lastKnownFileType = sourcecode.swift; path = AppDelegate.swift; sourceTree = "<group>"; };
		CDA58F4620A16EFE007C1360 /* ViewController.swift */ = {isa = PBXFileReference; lastKnownFileType = sourcecode.swift; path = ViewController.swift; sourceTree = "<group>"; };
		CDA58F4B20A16EFE007C1360 /* Assets.xcassets */ = {isa = PBXFileReference; lastKnownFileType = folder.assetcatalog; path = Assets.xcassets; sourceTree = "<group>"; };
		CDA58F4E20A16EFE007C1360 /* Base */ = {isa = PBXFileReference; lastKnownFileType = file.storyboard; name = Base; path = Base.lproj/LaunchScreen.storyboard; sourceTree = "<group>"; };
		CDA58F5020A16EFE007C1360 /* Info.plist */ = {isa = PBXFileReference; lastKnownFileType = text.plist.xml; path = Info.plist; sourceTree = "<group>"; };
		CDA58F5620A16F7E007C1360 /* Cat.jpg */ = {isa = PBXFileReference; lastKnownFileType = image.jpeg; path = Cat.jpg; sourceTree = "<group>"; };
		CDA58F5820A16F86007C1360 /* Lion.jpg */ = {isa = PBXFileReference; lastKnownFileType = image.jpeg; path = Lion.jpg; sourceTree = "<group>"; };
		CDA58F5A20A17892007C1360 /* Main.storyboard */ = {isa = PBXFileReference; fileEncoding = 4; lastKnownFileType = file.storyboard; path = Main.storyboard; sourceTree = "<group>"; };
/* End PBXFileReference section */

/* Begin PBXFrameworksBuildPhase section */
		CDA58F3E20A16EFE007C1360 /* Frameworks */ = {
			isa = PBXFrameworksBuildPhase;
			buildActionMask = 2147483647;
			files = (
			);
			runOnlyForDeploymentPostprocessing = 0;
		};
/* End PBXFrameworksBuildPhase section */

/* Begin PBXGroup section */
		CDA58F3820A16EFE007C1360 = {
			isa = PBXGroup;
			children = (
				CDA58F4320A16EFE007C1360 /* sectionTableView */,
				CDA58F4220A16EFE007C1360 /* Products */,
			);
			sourceTree = "<group>";
		};
		CDA58F4220A16EFE007C1360 /* Products */ = {
			isa = PBXGroup;
			children = (
				CDA58F4120A16EFE007C1360 /* sectionTableView.app */,
			);
			name = Products;
			sourceTree = "<group>";
		};
		CDA58F4320A16EFE007C1360 /* sectionTableView */ = {
			isa = PBXGroup;
			children = (
				CDA58F5620A16F7E007C1360 /* Cat.jpg */,
				CDA58F5820A16F86007C1360 /* Lion.jpg */,
				CDA58F4420A16EFE007C1360 /* AppDelegate.swift */,
				CDA58F4620A16EFE007C1360 /* ViewController.swift */,
				CDA58F5A20A17892007C1360 /* Main.storyboard */,
				CDA58F4B20A16EFE007C1360 /* Assets.xcassets */,
				CDA58F4D20A16EFE007C1360 /* LaunchScreen.storyboard */,
				CDA58F5020A16EFE007C1360 /* Info.plist */,
			);
			path = sectionTableView;
			sourceTree = "<group>";
		};
/* End PBXGroup section */

/* Begin PBXNativeTarget section */
		CDA58F4020A16EFE007C1360 /* sectionTableView */ = {
			isa = PBXNativeTarget;
			buildConfigurationList = CDA58F5320A16EFE007C1360 /* Build configuration list for PBXNativeTarget "sectionTableView" */;
			buildPhases = (
				CDA58F3D20A16EFE007C1360 /* Sources */,
				CDA58F3E20A16EFE007C1360 /* Frameworks */,
				CDA58F3F20A16EFE007C1360 /* Resources */,
			);
			buildRules = (
			);
			dependencies = (
			);
			name = sectionTableView;
			productName = sectionTableView;
			productReference = CDA58F4120A16EFE007C1360 /* sectionTableView.app */;
			productType = "com.apple.product-type.application";
		};
/* End PBXNativeTarget section */

/* Begin PBXProject section */
		CDA58F3920A16EFE007C1360 /* Project object */ = {
			isa = PBXProject;
			attributes = {
				LastSwiftUpdateCheck = 0920;
				LastUpgradeCheck = 0920;
				ORGANIZATIONNAME = "조영진";
				TargetAttributes = {
					CDA58F4020A16EFE007C1360 = {
						CreatedOnToolsVersion = 9.2;
						ProvisioningStyle = Automatic;
					};
				};
			};
			buildConfigurationList = CDA58F3C20A16EFE007C1360 /* Build configuration list for PBXProject "sectionTableView" */;
			compatibilityVersion = "Xcode 8.0";
			developmentRegion = en;
			hasScannedForEncodings = 0;
			knownRegions = (
				en,
				Base,
			);
			mainGroup = CDA58F3820A16EFE007C1360;
			productRefGroup = CDA58F4220A16EFE007C1360 /* Products */;
			projectDirPath = "";
			projectRoot = "";
			targets = (
				CDA58F4020A16EFE007C1360 /* sectionTableView */,
			);
		};
/* End PBXProject section */

/* Begin PBXResourcesBuildPhase section */
		CDA58F3F20A16EFE007C1360 /* Resources */ = {
			isa = PBXResourcesBuildPhase;
			buildActionMask = 2147483647;
			files = (
				CDA58F4F20A16EFE007C1360 /* LaunchScreen.storyboard in Resources */,
				CDA58F4C20A16EFE007C1360 /* Assets.xcassets in Resources */,
				CDA58F5920A16F86007C1360 /* Lion.jpg in Resources */,
				CDA58F5720A16F7F007C1360 /* Cat.jpg in Resources */,
				CDA58F5B20A17892007C1360 /* Main.storyboard in Resources */,
			);
			runOnlyForDeploymentPostprocessing = 0;
		};
/* End PBXResourcesBuildPhase section */

/* Begin PBXSourcesBuildPhase section */
		CDA58F3D20A16EFE007C1360 /* Sources */ = {
			isa = PBXSourcesBuildPhase;
			buildActionMask = 2147483647;
			files = (
				CDA58F4720A16EFE007C1360 /* ViewController.swift in Sources */,
				CDA58F4520A16EFE007C1360 /* AppDelegate.swift in Sources */,
			);
			runOnlyForDeploymentPostprocessing = 0;
		};
/* End PBXSourcesBuildPhase section */

/* Begin PBXVariantGroup section */
		CDA58F4D20A16EFE007C1360 /* LaunchScreen.storyboard */ = {
			isa = PBXVariantGroup;
			children = (
				CDA58F4E20A16EFE007C1360 /* Base */,
			);
			name = LaunchScreen.storyboard;
			sourceTree = "<group>";
		};
/* End PBXVariantGroup section */

/* Begin XCBuildConfiguration section */
		CDA58F5120A16EFE007C1360 /* Debug */ = {
			isa = XCBuildConfiguration;
			buildSettings = {
				ALWAYS_SEARCH_USER_PATHS = NO;
				CLANG_ANALYZER_NONNULL = YES;
				CLANG_ANALYZER_NUMBER_OBJECT_CONVERSION = YES_AGGRESSIVE;
				CLANG_CXX_LANGUAGE_STANDARD = "gnu++14";
				CLANG_CXX_LIBRARY = "libc++";
				CLANG_ENABLE_MODULES = YES;
				CLANG_ENABLE_OBJC_ARC = YES;
				CLANG_WARN_BLOCK_CAPTURE_AUTORELEASING = YES;
				CLANG_WARN_BOOL_CONVERSION = YES;
				CLANG_WARN_COMMA = YES;
				CLANG_WARN_CONSTANT_CONVERSION = YES;
				CLANG_WARN_DIRECT_OBJC_ISA_USAGE = YES_ERROR;
				CLANG_WARN_DOCUMENTATION_COMMENTS = YES;
				CLANG_WARN_EMPTY_BODY = YES;
				CLANG_WARN_ENUM_CONVERSION = YES;
				CLANG_WARN_INFINITE_RECURSION = YES;
				CLANG_WARN_INT_CONVERSION = YES;
				CLANG_WARN_NON_LITERAL_NULL_CONVERSION = YES;
				CLANG_WARN_OBJC_LITERAL_CONVERSION = YES;
				CLANG_WARN_OBJC_ROOT_CLASS = YES_ERROR;
				CLANG_WARN_RANGE_LOOP_ANALYSIS = YES;
				CLANG_WARN_STRICT_PROTOTYPES = YES;
				CLANG_WARN_SUSPICIOUS_MOVE = YES;
				CLANG_WARN_UNGUARDED_AVAILABILITY = YES_AGGRESSIVE;
				CLANG_WARN_UNREACHABLE_CODE = YES;
				CLANG_WARN__DUPLICATE_METHOD_MATCH = YES;
				CODE_SIGN_IDENTITY = "iPhone Developer";
				COPY_PHASE_STRIP = NO;
				DEBUG_INFORMATION_FORMAT = dwarf;
				ENABLE_STRICT_OBJC_MSGSEND = YES;
				ENABLE_TESTABILITY = YES;
				GCC_C_LANGUAGE_STANDARD = gnu11;
				GCC_DYNAMIC_NO_PIC = NO;
				GCC_NO_COMMON_BLOCKS = YES;
				GCC_OPTIMIZATION_LEVEL = 0;
				GCC_PREPROCESSOR_DEFINITIONS = (
					"DEBUG=1",
					"$(inherited)",
				);
				GCC_WARN_64_TO_32_BIT_CONVERSION = YES;
				GCC_WARN_ABOUT_RETURN_TYPE = YES_ERROR;
				GCC_WARN_UNDECLARED_SELECTOR = YES;
				GCC_WARN_UNINITIALIZED_AUTOS = YES_AGGRESSIVE;
				GCC_WARN_UNUSED_FUNCTION = YES;
				GCC_WARN_UNUSED_VARIABLE = YES;
				IPHONEOS_DEPLOYMENT_TARGET = 11.2;
				MTL_ENABLE_DEBUG_INFO = YES;
				ONLY_ACTIVE_ARCH = YES;
				SDKROOT = iphoneos;
				SWIFT_ACTIVE_COMPILATION_CONDITIONS = DEBUG;
				SWIFT_OPTIMIZATION_LEVEL = "-Onone";
			};
			name = Debug;
		};
		CDA58F5220A16EFE007C1360 /* Release */ = {
			isa = XCBuildConfiguration;
			buildSettings = {
				ALWAYS_SEARCH_USER_PATHS = NO;
				CLANG_ANALYZER_NONNULL = YES;
				CLANG_ANALYZER_NUMBER_OBJECT_CONVERSION = YES_AGGRESSIVE;
				CLANG_CXX_LANGUAGE_STANDARD = "gnu++14";
				CLANG_CXX_LIBRARY = "libc++";
				CLANG_ENABLE_MODULES = YES;
				CLANG_ENABLE_OBJC_ARC = YES;
				CLANG_WARN_BLOCK_CAPTURE_AUTORELEASING = YES;
				CLANG_WARN_BOOL_CONVERSION = YES;
				CLANG_WARN_COMMA = YES;
				CLANG_WARN_CONSTANT_CONVERSION = YES;
				CLANG_WARN_DIRECT_OBJC_ISA_USAGE = YES_ERROR;
				CLANG_WARN_DOCUMENTATION_COMMENTS = YES;
				CLANG_WARN_EMPTY_BODY = YES;
				CLANG_WARN_ENUM_CONVERSION = YES;
				CLANG_WARN_INFINITE_RECURSION = YES;
				CLANG_WARN_INT_CONVERSION = YES;
				CLANG_WARN_NON_LITERAL_NULL_CONVERSION = YES;
				CLANG_WARN_OBJC_LITERAL_CONVERSION = YES;
				CLANG_WARN_OBJC_ROOT_CLASS = YES_ERROR;
				CLANG_WARN_RANGE_LOOP_ANALYSIS = YES;
				CLANG_WARN_STRICT_PROTOTYPES = YES;
				CLANG_WARN_SUSPICIOUS_MOVE = YES;
				CLANG_WARN_UNGUARDED_AVAILABILITY = YES_AGGRESSIVE;
				CLANG_WARN_UNREACHABLE_CODE = YES;
				CLANG_WARN__DUPLICATE_METHOD_MATCH = YES;
				CODE_SIGN_IDENTITY = "iPhone Developer";
				COPY_PHASE_STRIP = NO;
				DEBUG_INFORMATION_FORMAT = "dwarf-with-dsym";
				ENABLE_NS_ASSERTIONS = NO;
				ENABLE_STRICT_OBJC_MSGSEND = YES;
				GCC_C_LANGUAGE_STANDARD = gnu11;
				GCC_NO_COMMON_BLOCKS = YES;
				GCC_WARN_64_TO_32_BIT_CONVERSION = YES;
				GCC_WARN_ABOUT_RETURN_TYPE = YES_ERROR;
				GCC_WARN_UNDECLARED_SELECTOR = YES;
				GCC_WARN_UNINITIALIZED_AUTOS = YES_AGGRESSIVE;
				GCC_WARN_UNUSED_FUNCTION = YES;
				GCC_WARN_UNUSED_VARIABLE = YES;
				IPHONEOS_DEPLOYMENT_TARGET = 11.2;
				MTL_ENABLE_DEBUG_INFO = NO;
				SDKROOT = iphoneos;
				SWIFT_OPTIMIZATION_LEVEL = "-Owholemodule";
				VALIDATE_PRODUCT = YES;
			};
			name = Release;
		};
		CDA58F5420A16EFE007C1360 /* Debug */ = {
			isa = XCBuildConfiguration;
			buildSettings = {
				ASSETCATALOG_COMPILER_APPICON_NAME = AppIcon;
				CODE_SIGN_STYLE = Automatic;
				INFOPLIST_FILE = sectionTableView/Info.plist;
				LD_RUNPATH_SEARCH_PATHS = "$(inherited) @executable_path/Frameworks";
				PRODUCT_BUNDLE_IDENTIFIER = dit.ac.kr.sectionTableView;
				PRODUCT_NAME = "$(TARGET_NAME)";
				SWIFT_VERSION = 4.0;
				TARGETED_DEVICE_FAMILY = "1,2";
			};
			name = Debug;
		};
		CDA58F5520A16EFE007C1360 /* Release */ = {
			isa = XCBuildConfiguration;
			buildSettings = {
				ASSETCATALOG_COMPILER_APPICON_NAME = AppIcon;
				CODE_SIGN_STYLE = Automatic;
				INFOPLIST_FILE = sectionTableView/Info.plist;
				LD_RUNPATH_SEARCH_PATHS = "$(inherited) @executable_path/Frameworks";
				PRODUCT_BUNDLE_IDENTIFIER = dit.ac.kr.sectionTableView;
				PRODUCT_NAME = "$(TARGET_NAME)";
				SWIFT_VERSION = 4.0;
				TARGETED_DEVICE_FAMILY = "1,2";
			};
			name = Release;
		};
/* End XCBuildConfiguration section */

/* Begin XCConfigurationList section */
		CDA58F3C20A16EFE007C1360 /* Build configuration list for PBXProject "sectionTableView" */ = {
			isa = XCConfigurationList;
			buildConfigurations = (
				CDA58F5120A16EFE007C1360 /* Debug */,
				CDA58F5220A16EFE007C1360 /* Release */,
			);
			defaultConfigurationIsVisible = 0;
			defaultConfigurationName = Release;
		};
		CDA58F5320A16EFE007C1360 /* Build configuration list for PBXNativeTarget "sectionTableView" */ = {
			isa = XCConfigurationList;
			buildConfigurations = (
				CDA58F5420A16EFE007C1360 /* Debug */,
				CDA58F5520A16EFE007C1360 /* Release */,
			);
			defaultConfigurationIsVisible = 0;
			defaultConfigurationName = Release;
		};
/* End XCConfigurationList section */
	};
	rootObject = CDA58F3920A16EFE007C1360 /* Project object */;
}
